{
  "version": 4,
  "terraform_version": "1.13.2",
  "serial": 2,
  "lineage": "472eda22-ed6d-9cff-fc7d-842eb3188c63",
  "outputs": {
    "api_key": {
      "value": "your_api_key_here",
      "type": "string",
      "sensitive": true
    },
    "application_name": {
      "value": "nithincopilotexpert",
      "type": "string"
    },
    "environment_name": {
      "value": "dev",
      "type": "string"
    },
    "environment_prefix": {
      "value": "nithincopilotexpert-dev-cpbv-nithin_Y_S-Standard",
      "type": "string"
    },
    "name": {
      "value": "Standard",
      "type": "string"
    },
    "name_regions": {
      "value": "us-east-1",
      "type": "string"
    },
    "nithin_name": {
      "value": "nithin_Y_S",
      "type": "string"
    },
    "region_instance_count": {
      "value": "2",
      "type": "string"
    },
    "suffix": {
      "value": "cpbv",
      "type": "string"
    }
  },
  "resources": [
    {
      "mode": "managed",
      "type": "random_string",
      "name": "suffix",
      "provider": "provider[\"registry.terraform.io/hashicorp/random\"]",
      "instances": [
        {
          "schema_version": 2,
          "attributes": {
            "id": "cpbv",
            "keepers": null,
            "length": 4,
            "lower": true,
            "min_lower": 0,
            "min_numeric": 0,
            "min_special": 0,
            "min_upper": 0,
            "number": true,
            "numeric": true,
            "override_special": null,
            "result": "cpbv",
            "special": false,
            "upper": false
          },
          "sensitive_attributes": [],
          "identity_schema_version": 0
        }
      ]
    }
  ],
  "check_results": [
    {
      "object_kind": "var",
      "config_addr": "var.vm_count",
      "status": "pass",
      "objects": [
        {
          "object_addr": "var.vm_count",
          "status": "pass"
        }
      ]
    },
    {
      "object_kind": "var",
      "config_addr": "var.application_name",
      "status": "pass",
      "objects": [
        {
          "object_addr": "var.application_name",
          "status": "pass"
        }
      ]
    }
  ]
}
