{
  "version": 4,
  "terraform_version": "1.13.2",
  "serial": 18,
  "lineage": "2e33662f-3a18-45a8-5c1c-80c59ed38dbc",
  "outputs": {
    "api_key": {
      "value": "your_api_key_here",
      "type": "string",
      "sensitive": true
    },
    "application_name": {
      "value": "nithincopilotexpert",
      "type": "string"
    },
    "environment_name": {
      "value": "fhml",
      "type": "string"
    },
    "environment_prefix": {
      "value": "nithincopilotexpert-fhml-nxle-nithin_Y_S-Standard",
      "type": "string"
    },
    "modle": {
      "value": "Application config output: OWm7IH29",
      "type": "string"
    },
    "name_regions": {
      "value": "us-east-1",
      "type": "string"
    },
    "name_sku": {
      "value": "Standard",
      "type": "string"
    },
    "nithin_name": {
      "value": "nithin_Y_S",
      "type": "string"
    },
    "region_instance_count": {
      "value": "2",
      "type": "string"
    },
    "suffix": {
      "value": "nxle",
      "type": "string"
    }
  },
  "resources": [
    {
      "mode": "managed",
      "type": "random_string",
      "name": "if",
      "provider": "provider[\"registry.terraform.io/hashicorp/random\"]",
      "instances": [
        {
          "index_key": 0,
          "schema_version": 2,
          "attributes": {
            "id": "VN[b",
            "keepers": null,
            "length": 4,
            "lower": true,
            "min_lower": 0,
            "min_numeric": 0,
            "min_special": 0,
            "min_upper": 0,
            "number": true,
            "numeric": true,
            "override_special": null,
            "result": "VN[b",
            "special": true,
            "upper": true
          },
          "sensitive_attributes": [],
          "identity_schema_version": 0
        }
      ]
    },
    {
      "mode": "managed",
      "type": "random_string",
      "name": "map",
      "provider": "provider[\"registry.terraform.io/hashicorp/random\"]",
      "instances": [
        {
          "index_key": "us-east-1",
          "schema_version": 2,
          "attributes": {
            "id": "r3++",
            "keepers": null,
            "length": 4,
            "lower": true,
            "min_lower": 0,
            "min_numeric": 0,
            "min_special": 0,
            "min_upper": 0,
            "number": true,
            "numeric": true,
            "override_special": null,
            "result": "r3++",
            "special": true,
            "upper": true
          },
          "sensitive_attributes": [],
          "identity_schema_version": 0
        },
        {
          "index_key": "us-west-2",
          "schema_version": 2,
          "attributes": {
            "id": "A$bv",
            "keepers": null,
            "length": 4,
            "lower": true,
            "min_lower": 0,
            "min_numeric": 0,
            "min_special": 0,
            "min_upper": 0,
            "number": true,
            "numeric": true,
            "override_special": null,
            "result": "A$bv",
            "special": true,
            "upper": true
          },
          "sensitive_attributes": [],
          "identity_schema_version": 0
        }
      ]
    },
    {
      "mode": "managed",
      "type": "random_string",
      "name": "suffix",
      "provider": "provider[\"registry.terraform.io/hashicorp/random\"]",
      "instances": [
        {
          "schema_version": 2,
          "attributes": {
            "id": "nxle",
            "keepers": null,
            "length": 4,
            "lower": true,
            "min_lower": 0,
            "min_numeric": 0,
            "min_special": 0,
            "min_upper": 0,
            "number": true,
            "numeric": true,
            "override_special": null,
            "result": "nxle",
            "special": false,
            "upper": false
          },
          "sensitive_attributes": [],
          "identity_schema_version": 0
        }
      ]
    },
    {
      "module": "module.alpha",
      "mode": "managed",
      "type": "random_string",
      "name": "id",
      "provider": "provider[\"registry.terraform.io/hashicorp/random\"]",
      "instances": [
        {
          "schema_version": 2,
          "attributes": {
            "id": "OWm7IH29",
            "keepers": {
              "uuid": "0137ab8c-4cc7-05a4-a5ee-3c254169aa81"
            },
            "length": 8,
            "lower": true,
            "min_lower": 0,
            "min_numeric": 0,
            "min_special": 0,
            "min_upper": 0,
            "number": true,
            "numeric": true,
            "override_special": null,
            "result": "OWm7IH29",
            "special": true,
            "upper": true
          },
          "sensitive_attributes": [],
          "identity_schema_version": 0
        }
      ]
    },
    {
      "module": "module.charlie",
      "mode": "managed",
      "type": "random_string",
      "name": "charlie",
      "provider": "provider[\"registry.terraform.io/hashicorp/random\"]",
      "instances": [
        {
          "schema_version": 2,
          "attributes": {
            "id": "m60v",
            "keepers": null,
            "length": 4,
            "lower": true,
            "min_lower": 0,
            "min_numeric": 0,
            "min_special": 0,
            "min_upper": 0,
            "number": true,
            "numeric": true,
            "override_special": null,
            "result": "m60v",
            "special": false,
            "upper": false
          },
          "sensitive_attributes": [],
          "identity_schema_version": 0
        }
      ]
    }
  ],
  "check_results": [
    {
      "object_kind": "var",
      "config_addr": "var.vm_count",
      "status": "pass",
      "objects": [
        {
          "object_addr": "var.vm_count",
          "status": "pass"
        }
      ]
    },
    {
      "object_kind": "var",
      "config_addr": "var.application_name",
      "status": "pass",
      "objects": [
        {
          "object_addr": "var.application_name",
          "status": "pass"
        }
      ]
    }
  ]
}
